
Microsoft Visual Studio Solution File, Format Version 12.00
# Visual Studio 15
Project("{FAE04EC0-301F-11D3-BF4B-00C04F79EFBC}") = "InternetData", "InternetData.csproj", "{E483035B-AC83-4317-8DF8-A9B85FF238F7}"
EndProject
Global
	GlobalSection(SolutionConfigurationPlatforms) = preSolution
		Debug|anycpu = Debug|anycpu
		Release|anycpu = Release|anycpu
	EndGlobalSection
	GlobalSection(ProjectConfigurationPlatforms) = postSolution
		{E483035B-AC83-4317-8DF8-A9B85FF238F7}.Debug|anycpu.ActiveCfg = Debug|anycpu
		{E483035B-AC83-4317-8DF8-A9B85FF238F7}.Debug|anycpu.Build.0 = Debug|anycpu
		{E483035B-AC83-4317-8DF8-A9B85FF238F7}.Release|anycpu.ActiveCfg = Release|anycpu
		{E483035B-AC83-4317-8DF8-A9B85FF238F7}.Release|anycpu.Build.0 = Release|anycpu
	EndGlobalSection
EndGlobal
